
Microsoft Visual Studio Solution File, Format Version 12.00
# Visual Studio 15
Project("{FAE04EC0-301F-11D3-BF4B-00C04F79EFBC}") = "UnityEngine.TestRunner", "UnityEngine.TestRunner.csproj", "{B1887B2A-9E4A-40C7-ED1C-D7748538E8E9}"
EndProject
Project("{FAE04EC0-301F-11D3-BF4B-00C04F79EFBC}") = "Unity.Mathematics", "Unity.Mathematics.csproj", "{38CD5874-5809-CCC4-B8BB-1E19AB2ABE6C}"
EndProject
Project("{FAE04EC0-301F-11D3-BF4B-00C04F79EFBC}") = "Unity.Timeline", "Unity.Timeline.csproj", "{472CE523-90A9-CCB9-EA89-04D4B313530B}"
EndProject
Project("{FAE04EC0-301F-11D3-BF4B-00C04F79EFBC}") = "UnityEngine.UI", "UnityEngine.UI.csproj", "{9010658C-679A-1FB9-F837-25B56D160770}"
EndProject
Project("{FAE04EC0-301F-11D3-BF4B-00C04F79EFBC}") = "Unity.TextMeshPro", "Unity.TextMeshPro.csproj", "{C0A3EC03-5904-CC1B-0C20-F3734875ACD3}"
EndProject
Project("{FAE04EC0-301F-11D3-BF4B-00C04F79EFBC}") = "Unity.2D.Animation.Runtime", "Unity.2D.Animation.Runtime.csproj", "{35402DD2-6969-C776-39FB-69477E76B01B}"
EndProject
Project("{FAE04EC0-301F-11D3-BF4B-00C04F79EFBC}") = "Unity.2D.IK.Runtime", "Unity.2D.IK.Runtime.csproj", "{EFA0BA48-034E-6D22-6583-4AB29A6B748F}"
EndProject
Project("{FAE04EC0-301F-11D3-BF4B-00C04F79EFBC}") = "Unity.2D.SpriteShape.Runtime", "Unity.2D.SpriteShape.Runtime.csproj", "{EE165AC3-DCA6-C5D8-8AA9-0CC9C1290186}"
EndProject
Project("{FAE04EC0-301F-11D3-BF4B-00C04F79EFBC}") = "Assembly-CSharp", "Assembly-CSharp.csproj", "{9F68CF24-52EC-681D-E67C-04045CC581A4}"
EndProject
Project("{FAE04EC0-301F-11D3-BF4B-00C04F79EFBC}") = "Unity.2D.PixelPerfect", "Unity.2D.PixelPerfect.csproj", "{63C799FD-5AA5-D25F-6AC6-C3B176296948}"
EndProject
Project("{FAE04EC0-301F-11D3-BF4B-00C04F79EFBC}") = "Unity.2D.Common.Runtime", "Unity.2D.Common.Runtime.csproj", "{7F438AC8-E965-DF52-99FD-C2B01802AE96}"
EndProject
Project("{FAE04EC0-301F-11D3-BF4B-00C04F79EFBC}") = "Unity.InternalAPIEngineBridge.001", "Unity.InternalAPIEngineBridge.001.csproj", "{7D4D5634-B0EF-3BA5-F6D7-D4F011034F10}"
EndProject
Project("{FAE04EC0-301F-11D3-BF4B-00C04F79EFBC}") = "UnityEditor.TestRunner", "UnityEditor.TestRunner.csproj", "{C24BB89E-6498-4F5A-7C08-523BDF20DE3B}"
EndProject
Project("{FAE04EC0-301F-11D3-BF4B-00C04F79EFBC}") = "Unity.PlasticSCM.Editor", "Unity.PlasticSCM.Editor.csproj", "{7F95A4C2-6EFF-369E-1E77-BB9C7AAA6228}"
EndProject
Project("{FAE04EC0-301F-11D3-BF4B-00C04F79EFBC}") = "Unity.2D.Animation.Triangle.Editor", "Unity.2D.Animation.Triangle.Editor.csproj", "{E7974D05-6465-E520-11AA-7843E1073366}"
EndProject
Project("{FAE04EC0-301F-11D3-BF4B-00C04F79EFBC}") = "UnityEditor.UI", "UnityEditor.UI.csproj", "{A72BE41F-389D-D50E-61EB-17F57C012017}"
EndProject
Project("{FAE04EC0-301F-11D3-BF4B-00C04F79EFBC}") = "Unity.Services.Core.Editor", "Unity.Services.Core.Editor.csproj", "{6A821AD2-1CB8-8760-4842-715FBB66967E}"
EndProject
Project("{FAE04EC0-301F-11D3-BF4B-00C04F79EFBC}") = "Unity.Timeline.Editor", "Unity.Timeline.Editor.csproj", "{B857B029-3A6B-AC13-AB03-0F909E860452}"
EndProject
Project("{FAE04EC0-301F-11D3-BF4B-00C04F79EFBC}") = "Unity.VisualStudio.Editor", "Unity.VisualStudio.Editor.csproj", "{66F8E063-4D3A-E3C5-F57E-F8B3DCD09B77}"
EndProject
Project("{FAE04EC0-301F-11D3-BF4B-00C04F79EFBC}") = "Unity.2D.Psdimporter.Editor", "Unity.2D.Psdimporter.Editor.csproj", "{550C3F2A-D7BF-6C58-26EF-FF69CE6548A4}"
EndProject
Project("{FAE04EC0-301F-11D3-BF4B-00C04F79EFBC}") = "Unity.2D.Animation.Editor", "Unity.2D.Animation.Editor.csproj", "{10D13AE5-C5D5-01D6-099C-42582E6831C4}"
EndProject
Project("{FAE04EC0-301F-11D3-BF4B-00C04F79EFBC}") = "Unity.TextMeshPro.Editor", "Unity.TextMeshPro.Editor.csproj", "{CBA419FD-4786-1744-6962-AFA68CBA8055}"
EndProject
Project("{FAE04EC0-301F-11D3-BF4B-00C04F79EFBC}") = "Unity.2D.SpriteShape.Editor", "Unity.2D.SpriteShape.Editor.csproj", "{40009286-243C-A108-D19A-8BD3621BDABC}"
EndProject
Project("{FAE04EC0-301F-11D3-BF4B-00C04F79EFBC}") = "Unity.CollabProxy.Editor", "Unity.CollabProxy.Editor.csproj", "{1B4D3526-2A1F-6C61-7462-64B9AC950FAA}"
EndProject
Project("{FAE04EC0-301F-11D3-BF4B-00C04F79EFBC}") = "PsdPlugin", "PsdPlugin.csproj", "{322A9D88-0D04-6E8E-477C-1A6C44EF1CDA}"
EndProject
Project("{FAE04EC0-301F-11D3-BF4B-00C04F79EFBC}") = "Unity.2D.Path.Editor", "Unity.2D.Path.Editor.csproj", "{E08E42D9-8D25-5058-BEBC-B49DF33392E0}"
EndProject
Project("{FAE04EC0-301F-11D3-BF4B-00C04F79EFBC}") = "Unity.Rider.Editor", "Unity.Rider.Editor.csproj", "{3317D738-26A9-3EF4-B933-25CF28CFD835}"
EndProject
Project("{FAE04EC0-301F-11D3-BF4B-00C04F79EFBC}") = "Unity.2D.IK.Editor", "Unity.2D.IK.Editor.csproj", "{DACD2A49-211D-CDF8-1512-AA531E3CC2BE}"
EndProject
Project("{FAE04EC0-301F-11D3-BF4B-00C04F79EFBC}") = "Unity.2D.Sprite.Editor", "Unity.2D.Sprite.Editor.csproj", "{92B67215-9CB0-C5BD-0832-5C13F230752B}"
EndProject
Project("{FAE04EC0-301F-11D3-BF4B-00C04F79EFBC}") = "Unity.2D.Tilemap.Editor", "Unity.2D.Tilemap.Editor.csproj", "{49770B82-BB5C-863C-F95A-D91699D3B64E}"
EndProject
Project("{FAE04EC0-301F-11D3-BF4B-00C04F79EFBC}") = "Unity.2D.PixelPerfect.Editor", "Unity.2D.PixelPerfect.Editor.csproj", "{1B6D88D5-84B8-F59B-5A66-327459514619}"
EndProject
Project("{FAE04EC0-301F-11D3-BF4B-00C04F79EFBC}") = "Unity.VSCode.Editor", "Unity.VSCode.Editor.csproj", "{1E56B4CE-F830-C519-46E5-6C64788C4B41}"
EndProject
Project("{FAE04EC0-301F-11D3-BF4B-00C04F79EFBC}") = "Unity.2D.Common.Editor", "Unity.2D.Common.Editor.csproj", "{4CBD447B-7865-A1EB-8983-32F1765D52A9}"
EndProject
Project("{FAE04EC0-301F-11D3-BF4B-00C04F79EFBC}") = "Unity.Mathematics.Editor", "Unity.Mathematics.Editor.csproj", "{4C71C35D-BB39-2478-BCDB-3697E955DB37}"
EndProject
Project("{FAE04EC0-301F-11D3-BF4B-00C04F79EFBC}") = "Unity.InternalAPIEditorBridge.001", "Unity.InternalAPIEditorBridge.001.csproj", "{717B0E1F-BFCA-341C-12E2-83F403912948}"
EndProject
Project("{FAE04EC0-301F-11D3-BF4B-00C04F79EFBC}") = "UnityEngine.TestRunner", "UnityEngine.TestRunner.Player.csproj", "{2E6FCCFB-8CA9-EA33-C16E-BC8C98CCBC44}"
EndProject
Project("{FAE04EC0-301F-11D3-BF4B-00C04F79EFBC}") = "Unity.Mathematics", "Unity.Mathematics.Player.csproj", "{A0BD556C-D93B-90D1-0B4C-853D16B5024F}"
EndProject
Project("{FAE04EC0-301F-11D3-BF4B-00C04F79EFBC}") = "Unity.Timeline", "Unity.Timeline.Player.csproj", "{B5478957-F940-7A93-DAC0-3780BC993352}"
EndProject
Project("{FAE04EC0-301F-11D3-BF4B-00C04F79EFBC}") = "UnityEngine.UI", "UnityEngine.UI.Player.csproj", "{334898AF-508A-88C0-AC1F-9CC05BF13666}"
EndProject
Project("{FAE04EC0-301F-11D3-BF4B-00C04F79EFBC}") = "Unity.TextMeshPro", "Unity.TextMeshPro.Player.csproj", "{FF9BB13D-7EC6-1EB0-7DAA-F99D11590ED9}"
EndProject
Project("{FAE04EC0-301F-11D3-BF4B-00C04F79EFBC}") = "Unity.2D.Animation.Runtime", "Unity.2D.Animation.Runtime.Player.csproj", "{A26C888F-B07A-CF25-D749-DD85823B5F18}"
EndProject
Project("{FAE04EC0-301F-11D3-BF4B-00C04F79EFBC}") = "Unity.2D.IK.Runtime", "Unity.2D.IK.Runtime.Player.csproj", "{3C47171D-5E1B-0ED1-BC5F-98E049C37774}"
EndProject
Project("{FAE04EC0-301F-11D3-BF4B-00C04F79EFBC}") = "Unity.2D.SpriteShape.Runtime", "Unity.2D.SpriteShape.Runtime.Player.csproj", "{3BBD8C55-8127-00B3-65D2-F505CE303294}"
EndProject
Project("{FAE04EC0-301F-11D3-BF4B-00C04F79EFBC}") = "Assembly-CSharp", "Assembly-CSharp.Player.csproj", "{09C68190-D95A-0D30-92EB-3ACA9C369E9A}"
EndProject
Project("{FAE04EC0-301F-11D3-BF4B-00C04F79EFBC}") = "Unity.2D.PixelPerfect", "Unity.2D.PixelPerfect.Player.csproj", "{9DF958FA-3F1B-0C4F-2666-ED6CD97425FC}"
EndProject
Project("{FAE04EC0-301F-11D3-BF4B-00C04F79EFBC}") = "Unity.2D.Common.Runtime", "Unity.2D.Common.Runtime.Player.csproj", "{BE797E2F-9DC7-9207-7CF3-55E9BDFBEA15}"
EndProject
Project("{FAE04EC0-301F-11D3-BF4B-00C04F79EFBC}") = "Unity.InternalAPIEngineBridge.001", "Unity.InternalAPIEngineBridge.001.Player.csproj", "{0B7736B9-2699-6481-7EB4-F715E33BF44E}"
EndProject
Global
	GlobalSection(SolutionConfigurationPlatforms) = preSolution
		Debug|Any CPU = Debug|Any CPU
		Release|Any CPU = Release|Any CPU
	EndGlobalSection
	GlobalSection(ProjectConfigurationPlatforms) = postSolution
		{B1887B2A-9E4A-40C7-ED1C-D7748538E8E9}.Debug|Any CPU.ActiveCfg = Debug|Any CPU
		{B1887B2A-9E4A-40C7-ED1C-D7748538E8E9}.Debug|Any CPU.Build.0 = Debug|Any CPU
		{B1887B2A-9E4A-40C7-ED1C-D7748538E8E9}.Release|Any CPU.ActiveCfg = Release|Any CPU
		{B1887B2A-9E4A-40C7-ED1C-D7748538E8E9}.Release|Any CPU.Build.0 = Release|Any CPU
		{38CD5874-5809-CCC4-B8BB-1E19AB2ABE6C}.Debug|Any CPU.ActiveCfg = Debug|Any CPU
		{38CD5874-5809-CCC4-B8BB-1E19AB2ABE6C}.Debug|Any CPU.Build.0 = Debug|Any CPU
		{38CD5874-5809-CCC4-B8BB-1E19AB2ABE6C}.Release|Any CPU.ActiveCfg = Release|Any CPU
		{38CD5874-5809-CCC4-B8BB-1E19AB2ABE6C}.Release|Any CPU.Build.0 = Release|Any CPU
		{472CE523-90A9-CCB9-EA89-04D4B313530B}.Debug|Any CPU.ActiveCfg = Debug|Any CPU
		{472CE523-90A9-CCB9-EA89-04D4B313530B}.Debug|Any CPU.Build.0 = Debug|Any CPU
		{472CE523-90A9-CCB9-EA89-04D4B313530B}.Release|Any CPU.ActiveCfg = Release|Any CPU
		{472CE523-90A9-CCB9-EA89-04D4B313530B}.Release|Any CPU.Build.0 = Release|Any CPU
		{9010658C-679A-1FB9-F837-25B56D160770}.Debug|Any CPU.ActiveCfg = Debug|Any CPU
		{9010658C-679A-1FB9-F837-25B56D160770}.Debug|Any CPU.Build.0 = Debug|Any CPU
		{9010658C-679A-1FB9-F837-25B56D160770}.Release|Any CPU.ActiveCfg = Release|Any CPU
		{9010658C-679A-1FB9-F837-25B56D160770}.Release|Any CPU.Build.0 = Release|Any CPU
		{C0A3EC03-5904-CC1B-0C20-F3734875ACD3}.Debug|Any CPU.ActiveCfg = Debug|Any CPU
		{C0A3EC03-5904-CC1B-0C20-F3734875ACD3}.Debug|Any CPU.Build.0 = Debug|Any CPU
		{C0A3EC03-5904-CC1B-0C20-F3734875ACD3}.Release|Any CPU.ActiveCfg = Release|Any CPU
		{C0A3EC03-5904-CC1B-0C20-F3734875ACD3}.Release|Any CPU.Build.0 = Release|Any CPU
		{35402DD2-6969-C776-39FB-69477E76B01B}.Debug|Any CPU.ActiveCfg = Debug|Any CPU
		{35402DD2-6969-C776-39FB-69477E76B01B}.Debug|Any CPU.Build.0 = Debug|Any CPU
		{35402DD2-6969-C776-39FB-69477E76B01B}.Release|Any CPU.ActiveCfg = Release|Any CPU
		{35402DD2-6969-C776-39FB-69477E76B01B}.Release|Any CPU.Build.0 = Release|Any CPU
		{EFA0BA48-034E-6D22-6583-4AB29A6B748F}.Debug|Any CPU.ActiveCfg = Debug|Any CPU
		{EFA0BA48-034E-6D22-6583-4AB29A6B748F}.Debug|Any CPU.Build.0 = Debug|Any CPU
		{EFA0BA48-034E-6D22-6583-4AB29A6B748F}.Release|Any CPU.ActiveCfg = Release|Any CPU
		{EFA0BA48-034E-6D22-6583-4AB29A6B748F}.Release|Any CPU.Build.0 = Release|Any CPU
		{EE165AC3-DCA6-C5D8-8AA9-0CC9C1290186}.Debug|Any CPU.ActiveCfg = Debug|Any CPU
		{EE165AC3-DCA6-C5D8-8AA9-0CC9C1290186}.Debug|Any CPU.Build.0 = Debug|Any CPU
		{EE165AC3-DCA6-C5D8-8AA9-0CC9C1290186}.Release|Any CPU.ActiveCfg = Release|Any CPU
		{EE165AC3-DCA6-C5D8-8AA9-0CC9C1290186}.Release|Any CPU.Build.0 = Release|Any CPU
		{9F68CF24-52EC-681D-E67C-04045CC581A4}.Debug|Any CPU.ActiveCfg = Debug|Any CPU
		{9F68CF24-52EC-681D-E67C-04045CC581A4}.Debug|Any CPU.Build.0 = Debug|Any CPU
		{9F68CF24-52EC-681D-E67C-04045CC581A4}.Release|Any CPU.ActiveCfg = Release|Any CPU
		{9F68CF24-52EC-681D-E67C-04045CC581A4}.Release|Any CPU.Build.0 = Release|Any CPU
		{63C799FD-5AA5-D25F-6AC6-C3B176296948}.Debug|Any CPU.ActiveCfg = Debug|Any CPU
		{63C799FD-5AA5-D25F-6AC6-C3B176296948}.Debug|Any CPU.Build.0 = Debug|Any CPU
		{63C799FD-5AA5-D25F-6AC6-C3B176296948}.Release|Any CPU.ActiveCfg = Release|Any CPU
		{63C799FD-5AA5-D25F-6AC6-C3B176296948}.Release|Any CPU.Build.0 = Release|Any CPU
		{7F438AC8-E965-DF52-99FD-C2B01802AE96}.Debug|Any CPU.ActiveCfg = Debug|Any CPU
		{7F438AC8-E965-DF52-99FD-C2B01802AE96}.Debug|Any CPU.Build.0 = Debug|Any CPU
		{7F438AC8-E965-DF52-99FD-C2B01802AE96}.Release|Any CPU.ActiveCfg = Release|Any CPU
		{7F438AC8-E965-DF52-99FD-C2B01802AE96}.Release|Any CPU.Build.0 = Release|Any CPU
		{7D4D5634-B0EF-3BA5-F6D7-D4F011034F10}.Debug|Any CPU.ActiveCfg = Debug|Any CPU
		{7D4D5634-B0EF-3BA5-F6D7-D4F011034F10}.Debug|Any CPU.Build.0 = Debug|Any CPU
		{7D4D5634-B0EF-3BA5-F6D7-D4F011034F10}.Release|Any CPU.ActiveCfg = Release|Any CPU
		{7D4D5634-B0EF-3BA5-F6D7-D4F011034F10}.Release|Any CPU.Build.0 = Release|Any CPU
		{C24BB89E-6498-4F5A-7C08-523BDF20DE3B}.Debug|Any CPU.ActiveCfg = Debug|Any CPU
		{C24BB89E-6498-4F5A-7C08-523BDF20DE3B}.Debug|Any CPU.Build.0 = Debug|Any CPU
		{C24BB89E-6498-4F5A-7C08-523BDF20DE3B}.Release|Any CPU.ActiveCfg = Release|Any CPU
		{C24BB89E-6498-4F5A-7C08-523BDF20DE3B}.Release|Any CPU.Build.0 = Release|Any CPU
		{7F95A4C2-6EFF-369E-1E77-BB9C7AAA6228}.Debug|Any CPU.ActiveCfg = Debug|Any CPU
		{7F95A4C2-6EFF-369E-1E77-BB9C7AAA6228}.Debug|Any CPU.Build.0 = Debug|Any CPU
		{7F95A4C2-6EFF-369E-1E77-BB9C7AAA6228}.Release|Any CPU.ActiveCfg = Release|Any CPU
		{7F95A4C2-6EFF-369E-1E77-BB9C7AAA6228}.Release|Any CPU.Build.0 = Release|Any CPU
		{E7974D05-6465-E520-11AA-7843E1073366}.Debug|Any CPU.ActiveCfg = Debug|Any CPU
		{E7974D05-6465-E520-11AA-7843E1073366}.Debug|Any CPU.Build.0 = Debug|Any CPU
		{E7974D05-6465-E520-11AA-7843E1073366}.Release|Any CPU.ActiveCfg = Release|Any CPU
		{E7974D05-6465-E520-11AA-7843E1073366}.Release|Any CPU.Build.0 = Release|Any CPU
		{A72BE41F-389D-D50E-61EB-17F57C012017}.Debug|Any CPU.ActiveCfg = Debug|Any CPU
		{A72BE41F-389D-D50E-61EB-17F57C012017}.Debug|Any CPU.Build.0 = Debug|Any CPU
		{A72BE41F-389D-D50E-61EB-17F57C012017}.Release|Any CPU.ActiveCfg = Release|Any CPU
		{A72BE41F-389D-D50E-61EB-17F57C012017}.Release|Any CPU.Build.0 = Release|Any CPU
		{6A821AD2-1CB8-8760-4842-715FBB66967E}.Debug|Any CPU.ActiveCfg = Debug|Any CPU
		{6A821AD2-1CB8-8760-4842-715FBB66967E}.Debug|Any CPU.Build.0 = Debug|Any CPU
		{6A821AD2-1CB8-8760-4842-715FBB66967E}.Release|Any CPU.ActiveCfg = Release|Any CPU
		{6A821AD2-1CB8-8760-4842-715FBB66967E}.Release|Any CPU.Build.0 = Release|Any CPU
		{B857B029-3A6B-AC13-AB03-0F909E860452}.Debug|Any CPU.ActiveCfg = Debug|Any CPU
		{B857B029-3A6B-AC13-AB03-0F909E860452}.Debug|Any CPU.Build.0 = Debug|Any CPU
		{B857B029-3A6B-AC13-AB03-0F909E860452}.Release|Any CPU.ActiveCfg = Release|Any CPU
		{B857B029-3A6B-AC13-AB03-0F909E860452}.Release|Any CPU.Build.0 = Release|Any CPU
		{66F8E063-4D3A-E3C5-F57E-F8B3DCD09B77}.Debug|Any CPU.ActiveCfg = Debug|Any CPU
		{66F8E063-4D3A-E3C5-F57E-F8B3DCD09B77}.Debug|Any CPU.Build.0 = Debug|Any CPU
		{66F8E063-4D3A-E3C5-F57E-F8B3DCD09B77}.Release|Any CPU.ActiveCfg = Release|Any CPU
		{66F8E063-4D3A-E3C5-F57E-F8B3DCD09B77}.Release|Any CPU.Build.0 = Release|Any CPU
		{550C3F2A-D7BF-6C58-26EF-FF69CE6548A4}.Debug|Any CPU.ActiveCfg = Debug|Any CPU
		{550C3F2A-D7BF-6C58-26EF-FF69CE6548A4}.Debug|Any CPU.Build.0 = Debug|Any CPU
		{550C3F2A-D7BF-6C58-26EF-FF69CE6548A4}.Release|Any CPU.ActiveCfg = Release|Any CPU
		{550C3F2A-D7BF-6C58-26EF-FF69CE6548A4}.Release|Any CPU.Build.0 = Release|Any CPU
		{10D13AE5-C5D5-01D6-099C-42582E6831C4}.Debug|Any CPU.ActiveCfg = Debug|Any CPU
		{10D13AE5-C5D5-01D6-099C-42582E6831C4}.Debug|Any CPU.Build.0 = Debug|Any CPU
		{10D13AE5-C5D5-01D6-099C-42582E6831C4}.Release|Any CPU.ActiveCfg = Release|Any CPU
		{10D13AE5-C5D5-01D6-099C-42582E6831C4}.Release|Any CPU.Build.0 = Release|Any CPU
		{CBA419FD-4786-1744-6962-AFA68CBA8055}.Debug|Any CPU.ActiveCfg = Debug|Any CPU
		{CBA419FD-4786-1744-6962-AFA68CBA8055}.Debug|Any CPU.Build.0 = Debug|Any CPU
		{CBA419FD-4786-1744-6962-AFA68CBA8055}.Release|Any CPU.ActiveCfg = Release|Any CPU
		{CBA419FD-4786-1744-6962-AFA68CBA8055}.Release|Any CPU.Build.0 = Release|Any CPU
		{40009286-243C-A108-D19A-8BD3621BDABC}.Debug|Any CPU.ActiveCfg = Debug|Any CPU
		{40009286-243C-A108-D19A-8BD3621BDABC}.Debug|Any CPU.Build.0 = Debug|Any CPU
		{40009286-243C-A108-D19A-8BD3621BDABC}.Release|Any CPU.ActiveCfg = Release|Any CPU
		{40009286-243C-A108-D19A-8BD3621BDABC}.Release|Any CPU.Build.0 = Release|Any CPU
		{1B4D3526-2A1F-6C61-7462-64B9AC950FAA}.Debug|Any CPU.ActiveCfg = Debug|Any CPU
		{1B4D3526-2A1F-6C61-7462-64B9AC950FAA}.Debug|Any CPU.Build.0 = Debug|Any CPU
		{1B4D3526-2A1F-6C61-7462-64B9AC950FAA}.Release|Any CPU.ActiveCfg = Release|Any CPU
		{1B4D3526-2A1F-6C61-7462-64B9AC950FAA}.Release|Any CPU.Build.0 = Release|Any CPU
		{322A9D88-0D04-6E8E-477C-1A6C44EF1CDA}.Debug|Any CPU.ActiveCfg = Debug|Any CPU
		{322A9D88-0D04-6E8E-477C-1A6C44EF1CDA}.Debug|Any CPU.Build.0 = Debug|Any CPU
		{322A9D88-0D04-6E8E-477C-1A6C44EF1CDA}.Release|Any CPU.ActiveCfg = Release|Any CPU
		{322A9D88-0D04-6E8E-477C-1A6C44EF1CDA}.Release|Any CPU.Build.0 = Release|Any CPU
		{E08E42D9-8D25-5058-BEBC-B49DF33392E0}.Debug|Any CPU.ActiveCfg = Debug|Any CPU
		{E08E42D9-8D25-5058-BEBC-B49DF33392E0}.Debug|Any CPU.Build.0 = Debug|Any CPU
		{E08E42D9-8D25-5058-BEBC-B49DF33392E0}.Release|Any CPU.ActiveCfg = Release|Any CPU
		{E08E42D9-8D25-5058-BEBC-B49DF33392E0}.Release|Any CPU.Build.0 = Release|Any CPU
		{3317D738-26A9-3EF4-B933-25CF28CFD835}.Debug|Any CPU.ActiveCfg = Debug|Any CPU
		{3317D738-26A9-3EF4-B933-25CF28CFD835}.Debug|Any CPU.Build.0 = Debug|Any CPU
		{3317D738-26A9-3EF4-B933-25CF28CFD835}.Release|Any CPU.ActiveCfg = Release|Any CPU
		{3317D738-26A9-3EF4-B933-25CF28CFD835}.Release|Any CPU.Build.0 = Release|Any CPU
		{DACD2A49-211D-CDF8-1512-AA531E3CC2BE}.Debug|Any CPU.ActiveCfg = Debug|Any CPU
		{DACD2A49-211D-CDF8-1512-AA531E3CC2BE}.Debug|Any CPU.Build.0 = Debug|Any CPU
		{DACD2A49-211D-CDF8-1512-AA531E3CC2BE}.Release|Any CPU.ActiveCfg = Release|Any CPU
		{DACD2A49-211D-CDF8-1512-AA531E3CC2BE}.Release|Any CPU.Build.0 = Release|Any CPU
		{92B67215-9CB0-C5BD-0832-5C13F230752B}.Debug|Any CPU.ActiveCfg = Debug|Any CPU
		{92B67215-9CB0-C5BD-0832-5C13F230752B}.Debug|Any CPU.Build.0 = Debug|Any CPU
		{92B67215-9CB0-C5BD-0832-5C13F230752B}.Release|Any CPU.ActiveCfg = Release|Any CPU
		{92B67215-9CB0-C5BD-0832-5C13F230752B}.Release|Any CPU.Build.0 = Release|Any CPU
		{49770B82-BB5C-863C-F95A-D91699D3B64E}.Debug|Any CPU.ActiveCfg = Debug|Any CPU
		{49770B82-BB5C-863C-F95A-D91699D3B64E}.Debug|Any CPU.Build.0 = Debug|Any CPU
		{49770B82-BB5C-863C-F95A-D91699D3B64E}.Release|Any CPU.ActiveCfg = Release|Any CPU
		{49770B82-BB5C-863C-F95A-D91699D3B64E}.Release|Any CPU.Build.0 = Release|Any CPU
		{1B6D88D5-84B8-F59B-5A66-327459514619}.Debug|Any CPU.ActiveCfg = Debug|Any CPU
		{1B6D88D5-84B8-F59B-5A66-327459514619}.Debug|Any CPU.Build.0 = Debug|Any CPU
		{1B6D88D5-84B8-F59B-5A66-327459514619}.Release|Any CPU.ActiveCfg = Release|Any CPU
		{1B6D88D5-84B8-F59B-5A66-327459514619}.Release|Any CPU.Build.0 = Release|Any CPU
		{1E56B4CE-F830-C519-46E5-6C64788C4B41}.Debug|Any CPU.ActiveCfg = Debug|Any CPU
		{1E56B4CE-F830-C519-46E5-6C64788C4B41}.Debug|Any CPU.Build.0 = Debug|Any CPU
		{1E56B4CE-F830-C519-46E5-6C64788C4B41}.Release|Any CPU.ActiveCfg = Release|Any CPU
		{1E56B4CE-F830-C519-46E5-6C64788C4B41}.Release|Any CPU.Build.0 = Release|Any CPU
		{4CBD447B-7865-A1EB-8983-32F1765D52A9}.Debug|Any CPU.ActiveCfg = Debug|Any CPU
		{4CBD447B-7865-A1EB-8983-32F1765D52A9}.Debug|Any CPU.Build.0 = Debug|Any CPU
		{4CBD447B-7865-A1EB-8983-32F1765D52A9}.Release|Any CPU.ActiveCfg = Release|Any CPU
		{4CBD447B-7865-A1EB-8983-32F1765D52A9}.Release|Any CPU.Build.0 = Release|Any CPU
		{4C71C35D-BB39-2478-BCDB-3697E955DB37}.Debug|Any CPU.ActiveCfg = Debug|Any CPU
		{4C71C35D-BB39-2478-BCDB-3697E955DB37}.Debug|Any CPU.Build.0 = Debug|Any CPU
		{4C71C35D-BB39-2478-BCDB-3697E955DB37}.Release|Any CPU.ActiveCfg = Release|Any CPU
		{4C71C35D-BB39-2478-BCDB-3697E955DB37}.Release|Any CPU.Build.0 = Release|Any CPU
		{717B0E1F-BFCA-341C-12E2-83F403912948}.Debug|Any CPU.ActiveCfg = Debug|Any CPU
		{717B0E1F-BFCA-341C-12E2-83F403912948}.Debug|Any CPU.Build.0 = Debug|Any CPU
		{717B0E1F-BFCA-341C-12E2-83F403912948}.Release|Any CPU.ActiveCfg = Release|Any CPU
		{717B0E1F-BFCA-341C-12E2-83F403912948}.Release|Any CPU.Build.0 = Release|Any CPU
		{2E6FCCFB-8CA9-EA33-C16E-BC8C98CCBC44}.Debug|Any CPU.ActiveCfg = Debug|Any CPU
		{2E6FCCFB-8CA9-EA33-C16E-BC8C98CCBC44}.Debug|Any CPU.Build.0 = Debug|Any CPU
		{2E6FCCFB-8CA9-EA33-C16E-BC8C98CCBC44}.Release|Any CPU.ActiveCfg = Release|Any CPU
		{2E6FCCFB-8CA9-EA33-C16E-BC8C98CCBC44}.Release|Any CPU.Build.0 = Release|Any CPU
		{A0BD556C-D93B-90D1-0B4C-853D16B5024F}.Debug|Any CPU.ActiveCfg = Debug|Any CPU
		{A0BD556C-D93B-90D1-0B4C-853D16B5024F}.Debug|Any CPU.Build.0 = Debug|Any CPU
		{A0BD556C-D93B-90D1-0B4C-853D16B5024F}.Release|Any CPU.ActiveCfg = Release|Any CPU
		{A0BD556C-D93B-90D1-0B4C-853D16B5024F}.Release|Any CPU.Build.0 = Release|Any CPU
		{B5478957-F940-7A93-DAC0-3780BC993352}.Debug|Any CPU.ActiveCfg = Debug|Any CPU
		{B5478957-F940-7A93-DAC0-3780BC993352}.Debug|Any CPU.Build.0 = Debug|Any CPU
		{B5478957-F940-7A93-DAC0-3780BC993352}.Release|Any CPU.ActiveCfg = Release|Any CPU
		{B5478957-F940-7A93-DAC0-3780BC993352}.Release|Any CPU.Build.0 = Release|Any CPU
		{334898AF-508A-88C0-AC1F-9CC05BF13666}.Debug|Any CPU.ActiveCfg = Debug|Any CPU
		{334898AF-508A-88C0-AC1F-9CC05BF13666}.Debug|Any CPU.Build.0 = Debug|Any CPU
		{334898AF-508A-88C0-AC1F-9CC05BF13666}.Release|Any CPU.ActiveCfg = Release|Any CPU
		{334898AF-508A-88C0-AC1F-9CC05BF13666}.Release|Any CPU.Build.0 = Release|Any CPU
		{FF9BB13D-7EC6-1EB0-7DAA-F99D11590ED9}.Debug|Any CPU.ActiveCfg = Debug|Any CPU
		{FF9BB13D-7EC6-1EB0-7DAA-F99D11590ED9}.Debug|Any CPU.Build.0 = Debug|Any CPU
		{FF9BB13D-7EC6-1EB0-7DAA-F99D11590ED9}.Release|Any CPU.ActiveCfg = Release|Any CPU
		{FF9BB13D-7EC6-1EB0-7DAA-F99D11590ED9}.Release|Any CPU.Build.0 = Release|Any CPU
		{A26C888F-B07A-CF25-D749-DD85823B5F18}.Debug|Any CPU.ActiveCfg = Debug|Any CPU
		{A26C888F-B07A-CF25-D749-DD85823B5F18}.Debug|Any CPU.Build.0 = Debug|Any CPU
		{A26C888F-B07A-CF25-D749-DD85823B5F18}.Release|Any CPU.ActiveCfg = Release|Any CPU
		{A26C888F-B07A-CF25-D749-DD85823B5F18}.Release|Any CPU.Build.0 = Release|Any CPU
		{3C47171D-5E1B-0ED1-BC5F-98E049C37774}.Debug|Any CPU.ActiveCfg = Debug|Any CPU
		{3C47171D-5E1B-0ED1-BC5F-98E049C37774}.Debug|Any CPU.Build.0 = Debug|Any CPU
		{3C47171D-5E1B-0ED1-BC5F-98E049C37774}.Release|Any CPU.ActiveCfg = Release|Any CPU
		{3C47171D-5E1B-0ED1-BC5F-98E049C37774}.Release|Any CPU.Build.0 = Release|Any CPU
		{3BBD8C55-8127-00B3-65D2-F505CE303294}.Debug|Any CPU.ActiveCfg = Debug|Any CPU
		{3BBD8C55-8127-00B3-65D2-F505CE303294}.Debug|Any CPU.Build.0 = Debug|Any CPU
		{3BBD8C55-8127-00B3-65D2-F505CE303294}.Release|Any CPU.ActiveCfg = Release|Any CPU
		{3BBD8C55-8127-00B3-65D2-F505CE303294}.Release|Any CPU.Build.0 = Release|Any CPU
		{09C68190-D95A-0D30-92EB-3ACA9C369E9A}.Debug|Any CPU.ActiveCfg = Debug|Any CPU
		{09C68190-D95A-0D30-92EB-3ACA9C369E9A}.Debug|Any CPU.Build.0 = Debug|Any CPU
		{09C68190-D95A-0D30-92EB-3ACA9C369E9A}.Release|Any CPU.ActiveCfg = Release|Any CPU
		{09C68190-D95A-0D30-92EB-3ACA9C369E9A}.Release|Any CPU.Build.0 = Release|Any CPU
		{9DF958FA-3F1B-0C4F-2666-ED6CD97425FC}.Debug|Any CPU.ActiveCfg = Debug|Any CPU
		{9DF958FA-3F1B-0C4F-2666-ED6CD97425FC}.Debug|Any CPU.Build.0 = Debug|Any CPU
		{9DF958FA-3F1B-0C4F-2666-ED6CD97425FC}.Release|Any CPU.ActiveCfg = Release|Any CPU
		{9DF958FA-3F1B-0C4F-2666-ED6CD97425FC}.Release|Any CPU.Build.0 = Release|Any CPU
		{BE797E2F-9DC7-9207-7CF3-55E9BDFBEA15}.Debug|Any CPU.ActiveCfg = Debug|Any CPU
		{BE797E2F-9DC7-9207-7CF3-55E9BDFBEA15}.Debug|Any CPU.Build.0 = Debug|Any CPU
		{BE797E2F-9DC7-9207-7CF3-55E9BDFBEA15}.Release|Any CPU.ActiveCfg = Release|Any CPU
		{BE797E2F-9DC7-9207-7CF3-55E9BDFBEA15}.Release|Any CPU.Build.0 = Release|Any CPU
		{0B7736B9-2699-6481-7EB4-F715E33BF44E}.Debug|Any CPU.ActiveCfg = Debug|Any CPU
		{0B7736B9-2699-6481-7EB4-F715E33BF44E}.Debug|Any CPU.Build.0 = Debug|Any CPU
		{0B7736B9-2699-6481-7EB4-F715E33BF44E}.Release|Any CPU.ActiveCfg = Release|Any CPU
		{0B7736B9-2699-6481-7EB4-F715E33BF44E}.Release|Any CPU.Build.0 = Release|Any CPU
	EndGlobalSection
	GlobalSection(SolutionProperties) = preSolution
		HideSolutionNode = FALSE
	EndGlobalSection
EndGlobal
